
Microsoft Visual Studio Solution File, Format Version 12.00
# Visual Studio Version 16
VisualStudioVersion = 16.0.29613.14
MinimumVisualStudioVersion = 10.0.40219.1
Project("{FAE04EC0-301F-11D3-BF4B-00C04F79EFBC}") = "Core_WebEV", "Core_WebEV\Core_WebEV.csproj", "{4B9B4FF2-6B67-4C33-B87C-E3852ACE251C}"
EndProject
Global
	GlobalSection(SolutionConfigurationPlatforms) = preSolution
		Debug|Any CPU = Debug|Any CPU
		Release|Any CPU = Release|Any CPU
	EndGlobalSection
	GlobalSection(ProjectConfigurationPlatforms) = postSolution
		{4B9B4FF2-6B67-4C33-B87C-E3852ACE251C}.Debug|Any CPU.ActiveCfg = Debug|Any CPU
		{4B9B4FF2-6B67-4C33-B87C-E3852ACE251C}.Debug|Any CPU.Build.0 = Debug|Any CPU
		{4B9B4FF2-6B67-4C33-B87C-E3852ACE251C}.Release|Any CPU.ActiveCfg = Release|Any CPU
		{4B9B4FF2-6B67-4C33-B87C-E3852ACE251C}.Release|Any CPU.Build.0 = Release|Any CPU
	EndGlobalSection
	GlobalSection(SolutionProperties) = preSolution
		HideSolutionNode = FALSE
	EndGlobalSection
	GlobalSection(ExtensibilityGlobals) = postSolution
		SolutionGuid = {44F0C880-E52E-4E25-804C-C8E795CFBDB4}
	EndGlobalSection
EndGlobal
